Microsoft Visual Studio Solution File, Format Version 12.00
# Visual Studio Version 17
VisualStudioVersion = 17.5.2.0
MinimumVisualStudioVersion = 10.0.40219.1
Project("{2150E333-8FDC-42A3-9474-1A3956D46DE8}") = "Lista_2_poo", "Lista_2_poo", "{04D60228-1DCB-83C4-87E7-D211D831C078}"
EndProject
Project("{FAE04EC0-301F-11D3-BF4B-00C04F79EFBC}") = "exemploDeAula", "Lista_2_poo\exemploDeAula\exemploDeAula.csproj", "{6F70AF13-E5DC-083B-ED36-418CE42EE1BC}"
EndProject
Global
	GlobalSection(SolutionConfigurationPlatforms) = preSolution
		Debug|Any CPU = Debug|Any CPU
		Release|Any CPU = Release|Any CPU
	EndGlobalSection
	GlobalSection(ProjectConfigurationPlatforms) = postSolution
		{6F70AF13-E5DC-083B-ED36-418CE42EE1BC}.Debug|Any CPU.ActiveCfg = Debug|Any CPU
		{6F70AF13-E5DC-083B-ED36-418CE42EE1BC}.Debug|Any CPU.Build.0 = Debug|Any CPU
		{6F70AF13-E5DC-083B-ED36-418CE42EE1BC}.Release|Any CPU.ActiveCfg = Release|Any CPU
		{6F70AF13-E5DC-083B-ED36-418CE42EE1BC}.Release|Any CPU.Build.0 = Release|Any CPU
	EndGlobalSection
	GlobalSection(SolutionProperties) = preSolution
		HideSolutionNode = FALSE
	EndGlobalSection
	GlobalSection(NestedProjects) = preSolution
		{6F70AF13-E5DC-083B-ED36-418CE42EE1BC} = {04D60228-1DCB-83C4-87E7-D211D831C078}
	EndGlobalSection
	GlobalSection(ExtensibilityGlobals) = postSolution
		SolutionGuid = {B54B8D79-17C9-4E72-A023-6F669E092877}
	EndGlobalSection
EndGlobal
